
Microsoft Visual Studio Solution File, Format Version 12.00
# Visual Studio 15
Project("{FAE04EC0-301F-11D3-BF4B-00C04F79EFBC}") = "Assembly-CSharp", "Assembly-CSharp.csproj", "{FDAF3809-EFF6-2639-15A7-9925632BA0A6}"
EndProject
Project("{FAE04EC0-301F-11D3-BF4B-00C04F79EFBC}") = "Assembly-CSharp-Editor", "Assembly-CSharp-Editor.csproj", "{CFCEA513-4CB1-0335-848D-198CE1A919FF}"
EndProject
Global
	GlobalSection(SolutionConfigurationPlatforms) = preSolution
		Debug|Any CPU = Debug|Any CPU
		Release|Any CPU = Release|Any CPU
	EndGlobalSection
	GlobalSection(ProjectConfigurationPlatforms) = postSolution
		{FDAF3809-EFF6-2639-15A7-9925632BA0A6}.Debug|Any CPU.ActiveCfg = Debug|Any CPU
		{FDAF3809-EFF6-2639-15A7-9925632BA0A6}.Debug|Any CPU.Build.0 = Debug|Any CPU
		{FDAF3809-EFF6-2639-15A7-9925632BA0A6}.Release|Any CPU.ActiveCfg = Release|Any CPU
		{FDAF3809-EFF6-2639-15A7-9925632BA0A6}.Release|Any CPU.Build.0 = Release|Any CPU
		{CFCEA513-4CB1-0335-848D-198CE1A919FF}.Debug|Any CPU.ActiveCfg = Debug|Any CPU
		{CFCEA513-4CB1-0335-848D-198CE1A919FF}.Debug|Any CPU.Build.0 = Debug|Any CPU
		{CFCEA513-4CB1-0335-848D-198CE1A919FF}.Release|Any CPU.ActiveCfg = Release|Any CPU
		{CFCEA513-4CB1-0335-848D-198CE1A919FF}.Release|Any CPU.Build.0 = Release|Any CPU
	EndGlobalSection
	GlobalSection(SolutionProperties) = preSolution
		HideSolutionNode = FALSE
	EndGlobalSection
EndGlobal
